<?xml version="1.0" encoding="utf-8"?>
<Project ToolsVersion="4.0" xmlns="http://schemas.microsoft.com/developer/msbuild/2003">
  <ItemGroup>
    <Filter Include="Source Files">
      <UniqueIdentifier>{4FC737F1-C7A5-4376-A066-2A32D752A2FF}</UniqueIdentifier>
      <Extensions>cpp;c;cc;cxx;def;odl;idl;hpj;bat;asm;asmx</Extensions>
    </Filter>
    <Filter Include="Header Files">
      <UniqueIdentifier>{93995380-89BD-4b04-88EB-625FBE52EBFB}</UniqueIdentifier>
      <Extensions>h;hh;hpp;hxx;hm;inl;inc;ipp;xsd</Extensions>
    </Filter>
    <Filter Include="Resource Files">
      <UniqueIdentifier>{67DA6AB6-F800-4c08-8B7A-83BB121AAD01}</UniqueIdentifier>
      <Extensions>rc;ico;cur;bmp;dlg;rc2;rct;bin;rgs;gif;jpg;jpeg;jpe;resx;tiff;tif;png;wav;mfcribbon-ms</Extensions>
    </Filter>
    <Filter Include="Shader">
      <UniqueIdentifier>{b163e737-35ae-480b-8f3d-dcda2bb3f648}</UniqueIdentifier>
    </Filter>
    <Filter Include="Header Files\stb_image">
      <UniqueIdentifier>{9b227f79-2074-4f38-8b73-04e89e606834}</UniqueIdentifier>
    </Filter>
    <Filter Include="Header Files\Object">
      <UniqueIdentifier>{c9b25aaf-4140-42c3-9975-b08d24da1f88}</UniqueIdentifier>
    </Filter>
    <Filter Include="Header Files\Parser">
      <UniqueIdentifier>{2555e99a-bd2b-4e5f-871c-d097ea068e27}</UniqueIdentifier>
    </Filter>
    <Filter Include="Header Files\Window/GLFW">
      <UniqueIdentifier>{2854eb3e-99d5-43d5-9099-5001912dcc6e}</UniqueIdentifier>
    </Filter>
    <Filter Include="Header Files\Rendering">
      <UniqueIdentifier>{b4db33a2-2055-4e1a-80d2-e0dd379dabe0}</UniqueIdentifier>
    </Filter>
    <Filter Include="Source Files\Rendering">
      <UniqueIdentifier>{069451ec-0002-484d-b574-ef75d15c5ddb}</UniqueIdentifier>
    </Filter>
    <Filter Include="Source Files\Object">
      <UniqueIdentifier>{7d18dac0-9cff-4623-a987-229efac57fbd}</UniqueIdentifier>
    </Filter>
    <Filter Include="Source Files\Other">
      <UniqueIdentifier>{ec9ad606-9d58-40ee-bb35-646b44478572}</UniqueIdentifier>
    </Filter>
    <Filter Include="Header Files\Other">
      <UniqueIdentifier>{30f0a61b-509e-46f0-a0ea-5fb38ea0faba}</UniqueIdentifier>
    </Filter>
    <Filter Include="Source Files\Window/GLFW">
      <UniqueIdentifier>{006f458e-8e48-48e8-9bec-0f4312771305}</UniqueIdentifier>
    </Filter>
    <Filter Include="Header Files\Imgui">
      <UniqueIdentifier>{c84bd57a-757e-4fa1-a798-4dd74c3b4c23}</UniqueIdentifier>
    </Filter>
    <Filter Include="Source Files\Imgui">
      <UniqueIdentifier>{9ab28645-dae4-4cb9-809c-2d0cb7046923}</UniqueIdentifier>
    </Filter>
    <Filter Include="Source Files\Rendering\Parser">
      <UniqueIdentifier>{79bc1c2a-ad27-44de-8be2-760d1ba23cb7}</UniqueIdentifier>
    </Filter>
    <Filter Include="Header Files\Imgui\Example">
      <UniqueIdentifier>{5e136011-f1d8-4a45-81aa-b868cec87844}</UniqueIdentifier>
    </Filter>
    <Filter Include="Source Files\Imgui\Example">
      <UniqueIdentifier>{1e9f208f-10ed-44f1-934c-f809d9cbaaba}</UniqueIdentifier>
    </Filter>
  </ItemGroup>
  <ItemGroup>
    <ClCompile Include="Shader.cpp">
      <Filter>Shader</Filter>
    </ClCompile>
    <ClCompile Include="Object.cpp">
      <Filter>Source Files\Object</Filter>
    </ClCompile>
    <ClCompile Include="ObjectLoader.cpp">
      <Filter>Source Files\Object</Filter>
    </ClCompile>
    <ClCompile Include="ObjectManager.cpp">
      <Filter>Source Files\Object</Filter>
    </ClCompile>
    <ClCompile Include="Fileloader.cpp">
      <Filter>Source Files\Rendering\Parser</Filter>
    </ClCompile>
    <ClCompile Include="Application.cpp">
      <Filter>Source Files\Rendering</Filter>
    </ClCompile>
    <ClCompile Include="Renderer.cpp">
      <Filter>Source Files\Rendering</Filter>
    </ClCompile>
    <ClCompile Include="glad.c">
      <Filter>Source Files\Other</Filter>
    </ClCompile>
    <ClCompile Include="Camera.cpp">
      <Filter>Source Files\Other</Filter>
    </ClCompile>
    <ClCompile Include="WND.cpp">
      <Filter>Source Files\Window/GLFW</Filter>
    </ClCompile>
    <ClCompile Include="Window.cpp">
      <Filter>Source Files\Window/GLFW</Filter>
    </ClCompile>
    <ClCompile Include="Imgui\imgui.cpp">
      <Filter>Source Files\Imgui</Filter>
    </ClCompile>
    <ClCompile Include="Imgui\imgui_demo.cpp">
      <Filter>Source Files\Imgui</Filter>
    </ClCompile>
    <ClCompile Include="Imgui\imgui_draw.cpp">
      <Filter>Source Files\Imgui</Filter>
    </ClCompile>
    <ClCompile Include="Imgui\imgui_widgets.cpp">
      <Filter>Source Files\Imgui</Filter>
    </ClCompile>
    <ClCompile Include="Imgui\Examples\imgui_impl_glfw.cpp">
      <Filter>Source Files\Imgui\Example</Filter>
    </ClCompile>
    <ClCompile Include="Imgui\Examples\imgui_impl_opengl3.cpp">
      <Filter>Source Files\Imgui\Example</Filter>
    </ClCompile>
    <ClCompile Include="gl3w.c">
      <Filter>Source Files\Other</Filter>
    </ClCompile>
    <ClCompile Include="main.cpp">
      <Filter>Source Files</Filter>
    </ClCompile>
  </ItemGroup>
  <ItemGroup>
    <ClInclude Include="stb_image.h">
      <Filter>Header Files\stb_image</Filter>
    </ClInclude>
    <ClInclude Include="Object.h">
      <Filter>Header Files\Object</Filter>
    </ClInclude>
    <ClInclude Include="ObjectLoader.h">
      <Filter>Header Files\Object</Filter>
    </ClInclude>
    <ClInclude Include="ObjectManager.h">
      <Filter>Header Files\Object</Filter>
    </ClInclude>
    <ClInclude Include="Fileloader.h">
      <Filter>Header Files\Parser</Filter>
    </ClInclude>
    <ClInclude Include="WND.h">
      <Filter>Header Files\Window/GLFW</Filter>
    </ClInclude>
    <ClInclude Include="Renderer.h">
      <Filter>Header Files\Rendering</Filter>
    </ClInclude>
    <ClInclude Include="Application.h">
      <Filter>Header Files\Rendering</Filter>
    </ClInclude>
    <ClInclude Include="Shader.h">
      <Filter>Shader</Filter>
    </ClInclude>
    <ClInclude Include="Camera.h">
      <Filter>Header Files\Other</Filter>
    </ClInclude>
    <ClInclude Include="Containers.h">
      <Filter>Header Files\Other</Filter>
    </ClInclude>
    <ClInclude Include="Imgui\imconfig.h">
      <Filter>Header Files\Imgui</Filter>
    </ClInclude>
    <ClInclude Include="Imgui\imgui.h">
      <Filter>Header Files\Imgui</Filter>
    </ClInclude>
    <ClInclude Include="Imgui\imgui_internal.h">
      <Filter>Header Files\Imgui</Filter>
    </ClInclude>
    <ClInclude Include="Imgui\imstb_rectpack.h">
      <Filter>Header Files\Imgui</Filter>
    </ClInclude>
    <ClInclude Include="Imgui\imstb_textedit.h">
      <Filter>Header Files\Imgui</Filter>
    </ClInclude>
    <ClInclude Include="Imgui\imstb_truetype.h">
      <Filter>Header Files\Imgui</Filter>
    </ClInclude>
    <ClInclude Include="Imgui\Examples\imgui_impl_glfw.h">
      <Filter>Header Files\Imgui\Example</Filter>
    </ClInclude>
    <ClInclude Include="Imgui\Examples\imgui_impl_opengl3.h">
      <Filter>Header Files\Imgui\Example</Filter>
    </ClInclude>
  </ItemGroup>
  <ItemGroup>
    <None Include="..\..\Shader\tempFShader.glsl">
      <Filter>Shader</Filter>
    </None>
    <None Include="..\..\Shader\tempGShader.glsl">
      <Filter>Shader</Filter>
    </None>
    <None Include="..\..\Shader\tempVShader.glsl">
      <Filter>Shader</Filter>
    </None>
  </ItemGroup>
</Project>